{
  "nodes": {
    "flake-utils": {
      "locked": {
        "lastModified": 1656928814,
        "narHash": "sha256-RIFfgBuKz6Hp89yRr7+NR5tzIAbn52h8vT6vXkYjZoM=",
        "owner": "numtide",
        "repo": "flake-utils",
        "rev": "7e2a3b3dfd9af950a856d66b0a7d01e3c18aa249",
        "type": "github"
      },
      "original": {
        "owner": "numtide",
        "repo": "flake-utils",
        "type": "github"
      }
    },
    "flake-utils_2": {
      "locked": {
        "lastModified": 1656065134,
        "narHash": "sha256-oc6E6ByIw3oJaIyc67maaFcnjYOz1mMcOtHxbEf9NwQ=",
        "owner": "numtide",
        "repo": "flake-utils",
        "rev": "bee6a7250dd1b01844a2de7e02e4df7d8a0a206c",
        "type": "github"
      },
      "original": {
        "owner": "numtide",
        "repo": "flake-utils",
        "type": "github"
      }
    },
    "lnbits": {
      "inputs": {
        "nixpkgs": "nixpkgs",
        "poetry2nix": "poetry2nix"
      },
      "locked": {
        "lastModified": 1657773136,
        "narHash": "sha256-JPSeXd0hApEDz1kW27kxO9yDkVx9neZSkbP5c5FuHlY=",
        "owner": "matthewcroughan",
        "repo": "lnbits-legend",
        "rev": "984f06239f0fed969a25be903cf35be4d788dd1d",
        "type": "github"
      },
      "original": {
        "owner": "matthewcroughan",
        "ref": "matthewcroughan/nixify",
        "repo": "lnbits-legend",
        "type": "github"
      }
    },
    "nix-bitcoin": {
      "inputs": {
        "flake-utils": "flake-utils_2",
        "nixpkgs": "nixpkgs_3",
        "nixpkgsUnstable": "nixpkgsUnstable"
      },
      "locked": {
        "lastModified": 1657313857,
        "narHash": "sha256-pbyNHXrOxYf+cBwhuUz/Y+AVWXpRRWa2Ehyylfy3WDY=",
        "owner": "fort-nix",
        "repo": "nix-bitcoin",
        "rev": "7e94b7eddcea2e9c5a21f9930176fff33ce85597",
        "type": "github"
      },
      "original": {
        "owner": "fort-nix",
        "repo": "nix-bitcoin",
        "type": "github"
      }
    },
    "nixos-hardware": {
      "locked": {
        "lastModified": 1657781616,
        "narHash": "sha256-M/wl8+gRNELNhEmNjWTZVf61lfZIyiUn/NkyEqQAW80=",
        "owner": "nixos",
        "repo": "nixos-hardware",
        "rev": "76c9664813ed7082115ac7efb8a1619a804a631f",
        "type": "github"
      },
      "original": {
        "owner": "nixos",
        "repo": "nixos-hardware",
        "type": "github"
      }
    },
    "nixpkgs": {
      "locked": {
        "lastModified": 1657114324,
        "narHash": "sha256-fWuaUNXrHcz/ciHRHlcSO92dvV3EVS0GJQUSBO5JIB4=",
        "owner": "nixos",
        "repo": "nixpkgs",
        "rev": "a5c867d9fe9e4380452628e8f171c26b69fa9d3d",
        "type": "github"
      },
      "original": {
        "owner": "nixos",
        "ref": "nixos-unstable",
        "repo": "nixpkgs",
        "type": "github"
      }
    },
    "nixpkgsUnstable": {
      "locked": {
        "lastModified": 1656755932,
        "narHash": "sha256-TGThfOxr+HjFK464+UoUE6rClp2cwxjiKvHcBVdIGSQ=",
        "owner": "NixOS",
        "repo": "nixpkgs",
        "rev": "660ac43ff9ab1f12e28bfb31d4719795777fe152",
        "type": "github"
      },
      "original": {
        "owner": "NixOS",
        "ref": "nixpkgs-unstable",
        "repo": "nixpkgs",
        "type": "github"
      }
    },
    "nixpkgs_2": {
      "locked": {
        "lastModified": 1657261001,
        "narHash": "sha256-sUZeuRYfhG59uD6xafM07bc7bAIkpcGq84Vj4B+cyms=",
        "owner": "NixOS",
        "repo": "nixpkgs",
        "rev": "0be91cefefde5701f8fa957904618a13e3bb51d8",
        "type": "github"
      },
      "original": {
        "owner": "NixOS",
        "repo": "nixpkgs",
        "type": "github"
      }
    },
    "nixpkgs_3": {
      "locked": {
        "lastModified": 1656679828,
        "narHash": "sha256-akGA97pR1BAQew1FrVTCME3p8qvYxJXB2X3a13aBphs=",
        "owner": "NixOS",
        "repo": "nixpkgs",
        "rev": "915f5a5b3cc4f8ba206afd0b70e52ba4c6a2796b",
        "type": "github"
      },
      "original": {
        "owner": "NixOS",
        "ref": "nixos-22.05",
        "repo": "nixpkgs",
        "type": "github"
      }
    },
    "nixpkgs_4": {
      "locked": {
        "lastModified": 1657693803,
        "narHash": "sha256-G++2CJ9u0E7NNTAi9n5G8TdDmGJXcIjkJ3NF8cetQB8=",
        "owner": "nixos",
        "repo": "nixpkgs",
        "rev": "365e1b3a859281cf11b94f87231adeabbdd878a2",
        "type": "github"
      },
      "original": {
        "owner": "nixos",
        "ref": "nixos-22.05",
        "repo": "nixpkgs",
        "type": "github"
      }
    },
    "poetry2nix": {
      "inputs": {
        "flake-utils": "flake-utils",
        "nixpkgs": "nixpkgs_2"
      },
      "locked": {
        "lastModified": 1657149754,
        "narHash": "sha256-iSnZoqwNDDVoO175whSuvl4sS9lAb/2zZ3Sa4ywo970=",
        "owner": "nix-community",
        "repo": "poetry2nix",
        "rev": "fc1930e011dea149db81863aac22fe701f36f1b5",
        "type": "github"
      },
      "original": {
        "owner": "nix-community",
        "repo": "poetry2nix",
        "type": "github"
      }
    },
    "root": {
      "inputs": {
        "lnbits": "lnbits",
        "nix-bitcoin": "nix-bitcoin",
        "nixos-hardware": "nixos-hardware",
        "nixpkgs": "nixpkgs_4"
      }
    }
  },
  "root": "root",
  "version": 7
}
